
Microsoft Visual Studio Solution File, Format Version 12.00
# Visual Studio 14
VisualStudioVersion = 14.0.23107.0
MinimumVisualStudioVersion = 10.0.40219.1
Project("{2150E333-8FDC-42A3-9474-1A3956D46DE8}") = "Data", "Data", "{5658555F-429C-4EB2-AE49-58ABE12D6B85}"
EndProject
Project("{2150E333-8FDC-42A3-9474-1A3956D46DE8}") = "Web", "Web", "{6E88C30F-1E24-4298-A2D8-B203FA2B6942}"
EndProject
Project("{2150E333-8FDC-42A3-9474-1A3956D46DE8}") = "Services", "Services", "{255B12B9-28ED-498B-8489-C580BEE35FCD}"
EndProject
Project("{2150E333-8FDC-42A3-9474-1A3956D46DE8}") = "Tests", "Tests", "{8D2F81C7-0B17-429B-89F2-13B48CFDB657}"
EndProject
Project("{FAE04EC0-301F-11D3-BF4B-00C04F79EFBC}") = "MvcTemplate.Web.App", "Web\MvcTemplate.Web.App\MvcTemplate.Web.App.csproj", "{5042396A-E826-4581-A50E-C865B9B93686}"
EndProject
Project("{FAE04EC0-301F-11D3-BF4B-00C04F79EFBC}") = "MvcTemplate.Web.App.Tests", "Tests\MvcTemplate.Web.App.Tests\MvcTemplate.Web.App.Tests.csproj", "{E3BDEEE2-BC28-4538-932A-99314CDD2E17}"
EndProject
Project("{FAE04EC0-301F-11D3-BF4B-00C04F79EFBC}") = "MvcTemplate.Web.Configurations", "Web\MvcTemplate.Web.Configurations\MvcTemplate.Web.Configurations.csproj", "{DA1D2832-1463-4718-BC75-7D80321DB6E9}"
EndProject
Project("{FAE04EC0-301F-11D3-BF4B-00C04F79EFBC}") = "MvcTemplate.Web.Controllers", "Web\MvcTemplate.Web.Controllers\MvcTemplate.Web.Controllers.csproj", "{DBA535A5-7791-487D-BE44-95C0011CBDEE}"
EndProject
Project("{FAE04EC0-301F-11D3-BF4B-00C04F79EFBC}") = "MvcTemplate.Web.ViewModels", "Web\MvcTemplate.Web.ViewModels\MvcTemplate.Web.ViewModels.csproj", "{AB366C8A-AAF5-49FC-A306-344E013E5588}"
EndProject
Project("{FAE04EC0-301F-11D3-BF4B-00C04F79EFBC}") = "MvcTemplate.Data.Models", "Data\MvcTemplate.Data.Models\MvcTemplate.Data.Models.csproj", "{F1109BD7-3119-46FE-9CCC-3ED4FEA48383}"
EndProject
Project("{FAE04EC0-301F-11D3-BF4B-00C04F79EFBC}") = "MvcTemplate.Data", "Data\MvcTemplate.Data\MvcTemplate.Data.csproj", "{BC8589DE-38F2-4C61-823B-14F7C4F8776D}"
EndProject
Project("{FAE04EC0-301F-11D3-BF4B-00C04F79EFBC}") = "MvcTemplate.Web.Identity", "Web\MvcTemplate.Web.Identity\MvcTemplate.Web.Identity.csproj", "{C3E849AA-2A86-471A-A3BD-805C9D3E0BB7}"
EndProject
Project("{FAE04EC0-301F-11D3-BF4B-00C04F79EFBC}") = "MvcTemplate.Web.Infrastructure", "Web\MvcTemplate.Web.Infrastructure\MvcTemplate.Web.Infrastructure.csproj", "{86B3E6FA-0761-4F28-A14E-0EC0B2B7A7A3}"
EndProject
Project("{2150E333-8FDC-42A3-9474-1A3956D46DE8}") = "Common", "Common", "{3D91430F-6CB3-4053-A6FA-559F139CB310}"
EndProject
Project("{FAE04EC0-301F-11D3-BF4B-00C04F79EFBC}") = "MvcTemplate.Common", "Common\MvcTemplate.Common\MvcTemplate.Common.csproj", "{734086D1-BD7D-4FDE-A35E-2F36464982FE}"
EndProject
Project("{FAE04EC0-301F-11D3-BF4B-00C04F79EFBC}") = "MvcTemplate.Services.Users", "Services\MvcTemplate.Services.Users\MvcTemplate.Services.Users.csproj", "{099A3AB7-E8FF-4FC8-B814-C0E4B7058A78}"
EndProject
Project("{FAE04EC0-301F-11D3-BF4B-00C04F79EFBC}") = "MvcTemplate.Web.Areas", "Web\MvcTemplate.Web.Areas\MvcTemplate.Web.Areas.csproj", "{0211392A-773F-4549-9EA7-070CB164155F}"
EndProject
Project("{FAE04EC0-301F-11D3-BF4B-00C04F79EFBC}") = "MvcTemplate.Services.Obfuscators", "Services\MvcTemplate.Services.Obfuscators\MvcTemplate.Services.Obfuscators.csproj", "{9382C05F-A775-4D94-AAF7-804E0C359696}"
EndProject
Project("{FAE04EC0-301F-11D3-BF4B-00C04F79EFBC}") = "MvcTemplate.Services.Cache", "Services\MvcTemplate.Services.Cache\MvcTemplate.Services.Cache.csproj", "{8FC43BD6-6670-4EC2-BF2B-88B9C9079C9F}"
EndProject
Project("{FAE04EC0-301F-11D3-BF4B-00C04F79EFBC}") = "MvcTemplate.Services.Sanitizers", "Services\MvcTemplate.Services.Sanitizers\MvcTemplate.Services.Sanitizers.csproj", "{F701EB7D-6A8A-44B4-B224-E9A7E83DF0C0}"
EndProject
Global
	GlobalSection(SolutionConfigurationPlatforms) = preSolution
		Debug|Any CPU = Debug|Any CPU
		Release|Any CPU = Release|Any CPU
	EndGlobalSection
	GlobalSection(ProjectConfigurationPlatforms) = postSolution
		{5042396A-E826-4581-A50E-C865B9B93686}.Debug|Any CPU.ActiveCfg = Debug|Any CPU
		{5042396A-E826-4581-A50E-C865B9B93686}.Debug|Any CPU.Build.0 = Debug|Any CPU
		{5042396A-E826-4581-A50E-C865B9B93686}.Release|Any CPU.ActiveCfg = Release|Any CPU
		{5042396A-E826-4581-A50E-C865B9B93686}.Release|Any CPU.Build.0 = Release|Any CPU
		{E3BDEEE2-BC28-4538-932A-99314CDD2E17}.Debug|Any CPU.ActiveCfg = Debug|Any CPU
		{E3BDEEE2-BC28-4538-932A-99314CDD2E17}.Debug|Any CPU.Build.0 = Debug|Any CPU
		{E3BDEEE2-BC28-4538-932A-99314CDD2E17}.Release|Any CPU.ActiveCfg = Release|Any CPU
		{E3BDEEE2-BC28-4538-932A-99314CDD2E17}.Release|Any CPU.Build.0 = Release|Any CPU
		{DA1D2832-1463-4718-BC75-7D80321DB6E9}.Debug|Any CPU.ActiveCfg = Debug|Any CPU
		{DA1D2832-1463-4718-BC75-7D80321DB6E9}.Debug|Any CPU.Build.0 = Debug|Any CPU
		{DA1D2832-1463-4718-BC75-7D80321DB6E9}.Release|Any CPU.ActiveCfg = Release|Any CPU
		{DA1D2832-1463-4718-BC75-7D80321DB6E9}.Release|Any CPU.Build.0 = Release|Any CPU
		{DBA535A5-7791-487D-BE44-95C0011CBDEE}.Debug|Any CPU.ActiveCfg = Debug|Any CPU
		{DBA535A5-7791-487D-BE44-95C0011CBDEE}.Debug|Any CPU.Build.0 = Debug|Any CPU
		{DBA535A5-7791-487D-BE44-95C0011CBDEE}.Release|Any CPU.ActiveCfg = Release|Any CPU
		{DBA535A5-7791-487D-BE44-95C0011CBDEE}.Release|Any CPU.Build.0 = Release|Any CPU
		{AB366C8A-AAF5-49FC-A306-344E013E5588}.Debug|Any CPU.ActiveCfg = Debug|Any CPU
		{AB366C8A-AAF5-49FC-A306-344E013E5588}.Debug|Any CPU.Build.0 = Debug|Any CPU
		{AB366C8A-AAF5-49FC-A306-344E013E5588}.Release|Any CPU.ActiveCfg = Release|Any CPU
		{AB366C8A-AAF5-49FC-A306-344E013E5588}.Release|Any CPU.Build.0 = Release|Any CPU
		{F1109BD7-3119-46FE-9CCC-3ED4FEA48383}.Debug|Any CPU.ActiveCfg = Debug|Any CPU
		{F1109BD7-3119-46FE-9CCC-3ED4FEA48383}.Debug|Any CPU.Build.0 = Debug|Any CPU
		{F1109BD7-3119-46FE-9CCC-3ED4FEA48383}.Release|Any CPU.ActiveCfg = Release|Any CPU
		{F1109BD7-3119-46FE-9CCC-3ED4FEA48383}.Release|Any CPU.Build.0 = Release|Any CPU
		{BC8589DE-38F2-4C61-823B-14F7C4F8776D}.Debug|Any CPU.ActiveCfg = Debug|Any CPU
		{BC8589DE-38F2-4C61-823B-14F7C4F8776D}.Debug|Any CPU.Build.0 = Debug|Any CPU
		{BC8589DE-38F2-4C61-823B-14F7C4F8776D}.Release|Any CPU.ActiveCfg = Release|Any CPU
		{BC8589DE-38F2-4C61-823B-14F7C4F8776D}.Release|Any CPU.Build.0 = Release|Any CPU
		{C3E849AA-2A86-471A-A3BD-805C9D3E0BB7}.Debug|Any CPU.ActiveCfg = Debug|Any CPU
		{C3E849AA-2A86-471A-A3BD-805C9D3E0BB7}.Debug|Any CPU.Build.0 = Debug|Any CPU
		{C3E849AA-2A86-471A-A3BD-805C9D3E0BB7}.Release|Any CPU.ActiveCfg = Release|Any CPU
		{C3E849AA-2A86-471A-A3BD-805C9D3E0BB7}.Release|Any CPU.Build.0 = Release|Any CPU
		{86B3E6FA-0761-4F28-A14E-0EC0B2B7A7A3}.Debug|Any CPU.ActiveCfg = Debug|Any CPU
		{86B3E6FA-0761-4F28-A14E-0EC0B2B7A7A3}.Debug|Any CPU.Build.0 = Debug|Any CPU
		{86B3E6FA-0761-4F28-A14E-0EC0B2B7A7A3}.Release|Any CPU.ActiveCfg = Release|Any CPU
		{86B3E6FA-0761-4F28-A14E-0EC0B2B7A7A3}.Release|Any CPU.Build.0 = Release|Any CPU
		{734086D1-BD7D-4FDE-A35E-2F36464982FE}.Debug|Any CPU.ActiveCfg = Debug|Any CPU
		{734086D1-BD7D-4FDE-A35E-2F36464982FE}.Debug|Any CPU.Build.0 = Debug|Any CPU
		{734086D1-BD7D-4FDE-A35E-2F36464982FE}.Release|Any CPU.ActiveCfg = Release|Any CPU
		{734086D1-BD7D-4FDE-A35E-2F36464982FE}.Release|Any CPU.Build.0 = Release|Any CPU
		{099A3AB7-E8FF-4FC8-B814-C0E4B7058A78}.Debug|Any CPU.ActiveCfg = Debug|Any CPU
		{099A3AB7-E8FF-4FC8-B814-C0E4B7058A78}.Debug|Any CPU.Build.0 = Debug|Any CPU
		{099A3AB7-E8FF-4FC8-B814-C0E4B7058A78}.Release|Any CPU.ActiveCfg = Release|Any CPU
		{099A3AB7-E8FF-4FC8-B814-C0E4B7058A78}.Release|Any CPU.Build.0 = Release|Any CPU
		{0211392A-773F-4549-9EA7-070CB164155F}.Debug|Any CPU.ActiveCfg = Debug|Any CPU
		{0211392A-773F-4549-9EA7-070CB164155F}.Debug|Any CPU.Build.0 = Debug|Any CPU
		{0211392A-773F-4549-9EA7-070CB164155F}.Release|Any CPU.ActiveCfg = Release|Any CPU
		{0211392A-773F-4549-9EA7-070CB164155F}.Release|Any CPU.Build.0 = Release|Any CPU
		{9382C05F-A775-4D94-AAF7-804E0C359696}.Debug|Any CPU.ActiveCfg = Debug|Any CPU
		{9382C05F-A775-4D94-AAF7-804E0C359696}.Debug|Any CPU.Build.0 = Debug|Any CPU
		{9382C05F-A775-4D94-AAF7-804E0C359696}.Release|Any CPU.ActiveCfg = Release|Any CPU
		{9382C05F-A775-4D94-AAF7-804E0C359696}.Release|Any CPU.Build.0 = Release|Any CPU
		{8FC43BD6-6670-4EC2-BF2B-88B9C9079C9F}.Debug|Any CPU.ActiveCfg = Debug|Any CPU
		{8FC43BD6-6670-4EC2-BF2B-88B9C9079C9F}.Debug|Any CPU.Build.0 = Debug|Any CPU
		{8FC43BD6-6670-4EC2-BF2B-88B9C9079C9F}.Release|Any CPU.ActiveCfg = Release|Any CPU
		{8FC43BD6-6670-4EC2-BF2B-88B9C9079C9F}.Release|Any CPU.Build.0 = Release|Any CPU
		{F701EB7D-6A8A-44B4-B224-E9A7E83DF0C0}.Debug|Any CPU.ActiveCfg = Debug|Any CPU
		{F701EB7D-6A8A-44B4-B224-E9A7E83DF0C0}.Debug|Any CPU.Build.0 = Debug|Any CPU
		{F701EB7D-6A8A-44B4-B224-E9A7E83DF0C0}.Release|Any CPU.ActiveCfg = Release|Any CPU
		{F701EB7D-6A8A-44B4-B224-E9A7E83DF0C0}.Release|Any CPU.Build.0 = Release|Any CPU
	EndGlobalSection
	GlobalSection(SolutionProperties) = preSolution
		HideSolutionNode = FALSE
	EndGlobalSection
	GlobalSection(NestedProjects) = preSolution
		{5042396A-E826-4581-A50E-C865B9B93686} = {6E88C30F-1E24-4298-A2D8-B203FA2B6942}
		{E3BDEEE2-BC28-4538-932A-99314CDD2E17} = {8D2F81C7-0B17-429B-89F2-13B48CFDB657}
		{DA1D2832-1463-4718-BC75-7D80321DB6E9} = {6E88C30F-1E24-4298-A2D8-B203FA2B6942}
		{DBA535A5-7791-487D-BE44-95C0011CBDEE} = {6E88C30F-1E24-4298-A2D8-B203FA2B6942}
		{AB366C8A-AAF5-49FC-A306-344E013E5588} = {6E88C30F-1E24-4298-A2D8-B203FA2B6942}
		{F1109BD7-3119-46FE-9CCC-3ED4FEA48383} = {5658555F-429C-4EB2-AE49-58ABE12D6B85}
		{BC8589DE-38F2-4C61-823B-14F7C4F8776D} = {5658555F-429C-4EB2-AE49-58ABE12D6B85}
		{C3E849AA-2A86-471A-A3BD-805C9D3E0BB7} = {6E88C30F-1E24-4298-A2D8-B203FA2B6942}
		{86B3E6FA-0761-4F28-A14E-0EC0B2B7A7A3} = {6E88C30F-1E24-4298-A2D8-B203FA2B6942}
		{734086D1-BD7D-4FDE-A35E-2F36464982FE} = {3D91430F-6CB3-4053-A6FA-559F139CB310}
		{099A3AB7-E8FF-4FC8-B814-C0E4B7058A78} = {255B12B9-28ED-498B-8489-C580BEE35FCD}
		{0211392A-773F-4549-9EA7-070CB164155F} = {6E88C30F-1E24-4298-A2D8-B203FA2B6942}
		{9382C05F-A775-4D94-AAF7-804E0C359696} = {255B12B9-28ED-498B-8489-C580BEE35FCD}
		{8FC43BD6-6670-4EC2-BF2B-88B9C9079C9F} = {255B12B9-28ED-498B-8489-C580BEE35FCD}
		{F701EB7D-6A8A-44B4-B224-E9A7E83DF0C0} = {255B12B9-28ED-498B-8489-C580BEE35FCD}
	EndGlobalSection
EndGlobal
